github.com/joho/godotenv v1.3.0 h1:Zjp+RcGpHhGlrMbJzXTrZZPrWj+1vfm90La1wgB6Bhc=
github.com/joho/godotenv v1.3.0/go.mod h1:7hK45KPybAkOC6peb+G5yklZfMxEjkZhHbwpqxOKXbg=
github.com/joshwi/go-utils v0.0.0-20211104224013-6d5a2fd5b6f5 h1:UqBrxHJOzZfRkXHGuWtd1/2rQGEnoN7adhSh/UHHeS0=
github.com/joshwi/go-utils v0.0.0-20211104224013-6d5a2fd5b6f5/go.mod h1:b3bCTPDf/0ST/eEQKJhwnXVFzqfTs3aSx6sy0saXEQM=
